
Microsoft Visual Studio Solution File, Format Version 12.00
# Visual Studio Version 17
VisualStudioVersion = 17.14.36221.1 d17.14
MinimumVisualStudioVersion = 10.0.40219.1
Project("{FAE04EC0-301F-11D3-BF4B-00C04F79EFBC}") = "TimeScaleApi", "TimeScaleApi.csproj", "{90B15F08-DF56-4177-BC1B-39E27D725D03}"
EndProject
Global
	GlobalSection(SolutionConfigurationPlatforms) = preSolution
		Debug|Any CPU = Debug|Any CPU
		Release|Any CPU = Release|Any CPU
	EndGlobalSection
	GlobalSection(ProjectConfigurationPlatforms) = postSolution
		{90B15F08-DF56-4177-BC1B-39E27D725D03}.Debug|Any CPU.ActiveCfg = Debug|Any CPU
		{90B15F08-DF56-4177-BC1B-39E27D725D03}.Debug|Any CPU.Build.0 = Debug|Any CPU
		{90B15F08-DF56-4177-BC1B-39E27D725D03}.Release|Any CPU.ActiveCfg = Release|Any CPU
		{90B15F08-DF56-4177-BC1B-39E27D725D03}.Release|Any CPU.Build.0 = Release|Any CPU
	EndGlobalSection
	GlobalSection(SolutionProperties) = preSolution
		HideSolutionNode = FALSE
	EndGlobalSection
	GlobalSection(ExtensibilityGlobals) = postSolution
		SolutionGuid = {864316FF-67DC-4F05-A63F-2F25BE734263}
	EndGlobalSection
EndGlobal
